
Microsoft Visual Studio Solution File, Format Version 12.00
# Visual Studio 15
VisualStudioVersion = 15.0.28307.572
MinimumVisualStudioVersion = 10.0.40219.1
Project("{FAE04EC0-301F-11D3-BF4B-00C04F79EFBC}") = "ExamplesLibrary", "ExamplesLibrary\ExamplesLibrary.csproj", "{967663FE-DC12-4D46-83A2-E555350BF892}"
EndProject
Project("{FAE04EC0-301F-11D3-BF4B-00C04F79EFBC}") = "ExamplesLibraryTests", "ExamplesLibraryTests\ExamplesLibraryTests.csproj", "{CBE69D62-C560-4822-8D94-81EAF5D5C3A4}"
EndProject
Project("{FAE04EC0-301F-11D3-BF4B-00C04F79EFBC}") = "Delegates", "Delegates\Delegates.csproj", "{F626C016-B5F5-450C-B200-68A477022EC1}"
EndProject
Project("{FAE04EC0-301F-11D3-BF4B-00C04F79EFBC}") = "RefvsValue", "RefvsValue\RefvsValue.csproj", "{3A404D36-E579-4F35-A2D7-24F0B2C2614F}"
EndProject
Project("{2150E333-8FDC-42A3-9474-1A3956D46DE8}") = "ExampleConsoleApps", "ExampleConsoleApps", "{2864F9B6-2D78-4E29-BA68-6B05D171CEC5}"
EndProject
Project("{FAE04EC0-301F-11D3-BF4B-00C04F79EFBC}") = "Constructer", "Constructer\Constructer.csproj", "{47A42CE2-39F3-450C-A520-E9CE7592BECE}"
EndProject
Project("{FAE04EC0-301F-11D3-BF4B-00C04F79EFBC}") = "AnonymousMethods", "AnonymousMethods\AnonymousMethods.csproj", "{4EF86CC4-0CAE-4D86-8A45-97CDAE479562}"
EndProject
Project("{FAE04EC0-301F-11D3-BF4B-00C04F79EFBC}") = "ExtensionMethods", "ExtensionMethods\ExtensionMethods.csproj", "{68DA5C12-28C6-45B0-BEB5-34EA257B5622}"
EndProject
Project("{2150E333-8FDC-42A3-9474-1A3956D46DE8}") = "Libraries", "Libraries", "{CA66A90B-F1FD-4F5F-9309-9451F3ED38F3}"
EndProject
Project("{FAE04EC0-301F-11D3-BF4B-00C04F79EFBC}") = "ThirdPartyMathsClosed", "ThirdPartyMathsClosed\ThirdPartyMathsClosed.csproj", "{207E538D-AAE7-407F-BE90-C52F6B079B7A}"
EndProject
Project("{FAE04EC0-301F-11D3-BF4B-00C04F79EFBC}") = "ThirdPartyMathsWrapper", "ThirdPartyMathsWrapper\ThirdPartyMathsWrapper.csproj", "{75993231-E1D9-4DF2-A681-F6063E1B547C}"
EndProject
Project("{FAE04EC0-301F-11D3-BF4B-00C04F79EFBC}") = "OutvsRef", "OutvsRef\OutvsRef.csproj", "{36BF1A25-BE6B-4382-BF5F-3C7814B452B3}"
EndProject
Project("{FAE04EC0-301F-11D3-BF4B-00C04F79EFBC}") = "AsyncAwait", "AsyncAwait\AsyncAwait.csproj", "{7FE8453C-0BA7-456A-9512-01AF80D0F20B}"
EndProject
Project("{FAE04EC0-301F-11D3-BF4B-00C04F79EFBC}") = "IEnumerablevsIEnumerator", "IEnumerablevsIEnumerator\IEnumerablevsIEnumerator.csproj", "{C0702354-37B9-4110-9EFB-8449D5934BA7}"
EndProject
Project("{FAE04EC0-301F-11D3-BF4B-00C04F79EFBC}") = "LambdaExpressions", "LambdaExpressions\LambdaExpressions.csproj", "{44AFE06E-27CC-4A13-8058-77152E99D20E}"
EndProject
Project("{FAE04EC0-301F-11D3-BF4B-00C04F79EFBC}") = "ExpressionTrees", "ExpressionTrees\ExpressionTrees.csproj", "{4A8E0FAD-49C9-42D9-8DB6-C95905445AF4}"
EndProject
Project("{2150E333-8FDC-42A3-9474-1A3956D46DE8}") = "DelegatesAnonFunctions", "DelegatesAnonFunctions", "{9E537BB5-D225-4436-AD26-071540106297}"
EndProject
Project("{FAE04EC0-301F-11D3-BF4B-00C04F79EFBC}") = "VarvsDynamic", "VarDynamic\VarvsDynamic.csproj", "{9F9B7558-01B7-4317-B8FB-7DEA271D03A3}"
EndProject
Project("{FAE04EC0-301F-11D3-BF4B-00C04F79EFBC}") = "IsvsAs", "IsvsAs\IsvsAs.csproj", "{6117407F-876A-46E5-BA6C-AE661A1BBD21}"
EndProject
Project("{FAE04EC0-301F-11D3-BF4B-00C04F79EFBC}") = "Generics", "Generics\Generics.csproj", "{F363A46B-C6B1-4235-AB8B-F6AD00750B37}"
EndProject
Global
	GlobalSection(SolutionConfigurationPlatforms) = preSolution
		Debug|Any CPU = Debug|Any CPU
		Release|Any CPU = Release|Any CPU
	EndGlobalSection
	GlobalSection(ProjectConfigurationPlatforms) = postSolution
		{967663FE-DC12-4D46-83A2-E555350BF892}.Debug|Any CPU.ActiveCfg = Debug|Any CPU
		{967663FE-DC12-4D46-83A2-E555350BF892}.Debug|Any CPU.Build.0 = Debug|Any CPU
		{967663FE-DC12-4D46-83A2-E555350BF892}.Release|Any CPU.ActiveCfg = Release|Any CPU
		{967663FE-DC12-4D46-83A2-E555350BF892}.Release|Any CPU.Build.0 = Release|Any CPU
		{CBE69D62-C560-4822-8D94-81EAF5D5C3A4}.Debug|Any CPU.ActiveCfg = Debug|Any CPU
		{CBE69D62-C560-4822-8D94-81EAF5D5C3A4}.Debug|Any CPU.Build.0 = Debug|Any CPU
		{CBE69D62-C560-4822-8D94-81EAF5D5C3A4}.Release|Any CPU.ActiveCfg = Release|Any CPU
		{CBE69D62-C560-4822-8D94-81EAF5D5C3A4}.Release|Any CPU.Build.0 = Release|Any CPU
		{F626C016-B5F5-450C-B200-68A477022EC1}.Debug|Any CPU.ActiveCfg = Debug|Any CPU
		{F626C016-B5F5-450C-B200-68A477022EC1}.Debug|Any CPU.Build.0 = Debug|Any CPU
		{F626C016-B5F5-450C-B200-68A477022EC1}.Release|Any CPU.ActiveCfg = Release|Any CPU
		{F626C016-B5F5-450C-B200-68A477022EC1}.Release|Any CPU.Build.0 = Release|Any CPU
		{3A404D36-E579-4F35-A2D7-24F0B2C2614F}.Debug|Any CPU.ActiveCfg = Debug|Any CPU
		{3A404D36-E579-4F35-A2D7-24F0B2C2614F}.Debug|Any CPU.Build.0 = Debug|Any CPU
		{3A404D36-E579-4F35-A2D7-24F0B2C2614F}.Release|Any CPU.ActiveCfg = Release|Any CPU
		{3A404D36-E579-4F35-A2D7-24F0B2C2614F}.Release|Any CPU.Build.0 = Release|Any CPU
		{47A42CE2-39F3-450C-A520-E9CE7592BECE}.Debug|Any CPU.ActiveCfg = Debug|Any CPU
		{47A42CE2-39F3-450C-A520-E9CE7592BECE}.Debug|Any CPU.Build.0 = Debug|Any CPU
		{47A42CE2-39F3-450C-A520-E9CE7592BECE}.Release|Any CPU.ActiveCfg = Release|Any CPU
		{47A42CE2-39F3-450C-A520-E9CE7592BECE}.Release|Any CPU.Build.0 = Release|Any CPU
		{4EF86CC4-0CAE-4D86-8A45-97CDAE479562}.Debug|Any CPU.ActiveCfg = Debug|Any CPU
		{4EF86CC4-0CAE-4D86-8A45-97CDAE479562}.Debug|Any CPU.Build.0 = Debug|Any CPU
		{4EF86CC4-0CAE-4D86-8A45-97CDAE479562}.Release|Any CPU.ActiveCfg = Release|Any CPU
		{4EF86CC4-0CAE-4D86-8A45-97CDAE479562}.Release|Any CPU.Build.0 = Release|Any CPU
		{68DA5C12-28C6-45B0-BEB5-34EA257B5622}.Debug|Any CPU.ActiveCfg = Debug|Any CPU
		{68DA5C12-28C6-45B0-BEB5-34EA257B5622}.Debug|Any CPU.Build.0 = Debug|Any CPU
		{68DA5C12-28C6-45B0-BEB5-34EA257B5622}.Release|Any CPU.ActiveCfg = Release|Any CPU
		{68DA5C12-28C6-45B0-BEB5-34EA257B5622}.Release|Any CPU.Build.0 = Release|Any CPU
		{207E538D-AAE7-407F-BE90-C52F6B079B7A}.Debug|Any CPU.ActiveCfg = Debug|Any CPU
		{207E538D-AAE7-407F-BE90-C52F6B079B7A}.Debug|Any CPU.Build.0 = Debug|Any CPU
		{207E538D-AAE7-407F-BE90-C52F6B079B7A}.Release|Any CPU.ActiveCfg = Release|Any CPU
		{207E538D-AAE7-407F-BE90-C52F6B079B7A}.Release|Any CPU.Build.0 = Release|Any CPU
		{75993231-E1D9-4DF2-A681-F6063E1B547C}.Debug|Any CPU.ActiveCfg = Debug|Any CPU
		{75993231-E1D9-4DF2-A681-F6063E1B547C}.Debug|Any CPU.Build.0 = Debug|Any CPU
		{75993231-E1D9-4DF2-A681-F6063E1B547C}.Release|Any CPU.ActiveCfg = Release|Any CPU
		{75993231-E1D9-4DF2-A681-F6063E1B547C}.Release|Any CPU.Build.0 = Release|Any CPU
		{36BF1A25-BE6B-4382-BF5F-3C7814B452B3}.Debug|Any CPU.ActiveCfg = Debug|Any CPU
		{36BF1A25-BE6B-4382-BF5F-3C7814B452B3}.Debug|Any CPU.Build.0 = Debug|Any CPU
		{36BF1A25-BE6B-4382-BF5F-3C7814B452B3}.Release|Any CPU.ActiveCfg = Release|Any CPU
		{36BF1A25-BE6B-4382-BF5F-3C7814B452B3}.Release|Any CPU.Build.0 = Release|Any CPU
		{7FE8453C-0BA7-456A-9512-01AF80D0F20B}.Debug|Any CPU.ActiveCfg = Debug|Any CPU
		{7FE8453C-0BA7-456A-9512-01AF80D0F20B}.Debug|Any CPU.Build.0 = Debug|Any CPU
		{7FE8453C-0BA7-456A-9512-01AF80D0F20B}.Release|Any CPU.ActiveCfg = Release|Any CPU
		{7FE8453C-0BA7-456A-9512-01AF80D0F20B}.Release|Any CPU.Build.0 = Release|Any CPU
		{C0702354-37B9-4110-9EFB-8449D5934BA7}.Debug|Any CPU.ActiveCfg = Debug|Any CPU
		{C0702354-37B9-4110-9EFB-8449D5934BA7}.Debug|Any CPU.Build.0 = Debug|Any CPU
		{C0702354-37B9-4110-9EFB-8449D5934BA7}.Release|Any CPU.ActiveCfg = Release|Any CPU
		{C0702354-37B9-4110-9EFB-8449D5934BA7}.Release|Any CPU.Build.0 = Release|Any CPU
		{44AFE06E-27CC-4A13-8058-77152E99D20E}.Debug|Any CPU.ActiveCfg = Debug|Any CPU
		{44AFE06E-27CC-4A13-8058-77152E99D20E}.Debug|Any CPU.Build.0 = Debug|Any CPU
		{44AFE06E-27CC-4A13-8058-77152E99D20E}.Release|Any CPU.ActiveCfg = Release|Any CPU
		{44AFE06E-27CC-4A13-8058-77152E99D20E}.Release|Any CPU.Build.0 = Release|Any CPU
		{4A8E0FAD-49C9-42D9-8DB6-C95905445AF4}.Debug|Any CPU.ActiveCfg = Debug|Any CPU
		{4A8E0FAD-49C9-42D9-8DB6-C95905445AF4}.Debug|Any CPU.Build.0 = Debug|Any CPU
		{4A8E0FAD-49C9-42D9-8DB6-C95905445AF4}.Release|Any CPU.ActiveCfg = Release|Any CPU
		{4A8E0FAD-49C9-42D9-8DB6-C95905445AF4}.Release|Any CPU.Build.0 = Release|Any CPU
		{9F9B7558-01B7-4317-B8FB-7DEA271D03A3}.Debug|Any CPU.ActiveCfg = Debug|Any CPU
		{9F9B7558-01B7-4317-B8FB-7DEA271D03A3}.Debug|Any CPU.Build.0 = Debug|Any CPU
		{9F9B7558-01B7-4317-B8FB-7DEA271D03A3}.Release|Any CPU.ActiveCfg = Release|Any CPU
		{9F9B7558-01B7-4317-B8FB-7DEA271D03A3}.Release|Any CPU.Build.0 = Release|Any CPU
		{6117407F-876A-46E5-BA6C-AE661A1BBD21}.Debug|Any CPU.ActiveCfg = Debug|Any CPU
		{6117407F-876A-46E5-BA6C-AE661A1BBD21}.Debug|Any CPU.Build.0 = Debug|Any CPU
		{6117407F-876A-46E5-BA6C-AE661A1BBD21}.Release|Any CPU.ActiveCfg = Release|Any CPU
		{6117407F-876A-46E5-BA6C-AE661A1BBD21}.Release|Any CPU.Build.0 = Release|Any CPU
		{F363A46B-C6B1-4235-AB8B-F6AD00750B37}.Debug|Any CPU.ActiveCfg = Debug|Any CPU
		{F363A46B-C6B1-4235-AB8B-F6AD00750B37}.Debug|Any CPU.Build.0 = Debug|Any CPU
		{F363A46B-C6B1-4235-AB8B-F6AD00750B37}.Release|Any CPU.ActiveCfg = Release|Any CPU
		{F363A46B-C6B1-4235-AB8B-F6AD00750B37}.Release|Any CPU.Build.0 = Release|Any CPU
	EndGlobalSection
	GlobalSection(SolutionProperties) = preSolution
		HideSolutionNode = FALSE
	EndGlobalSection
	GlobalSection(NestedProjects) = preSolution
		{F626C016-B5F5-450C-B200-68A477022EC1} = {9E537BB5-D225-4436-AD26-071540106297}
		{3A404D36-E579-4F35-A2D7-24F0B2C2614F} = {2864F9B6-2D78-4E29-BA68-6B05D171CEC5}
		{47A42CE2-39F3-450C-A520-E9CE7592BECE} = {2864F9B6-2D78-4E29-BA68-6B05D171CEC5}
		{4EF86CC4-0CAE-4D86-8A45-97CDAE479562} = {9E537BB5-D225-4436-AD26-071540106297}
		{68DA5C12-28C6-45B0-BEB5-34EA257B5622} = {2864F9B6-2D78-4E29-BA68-6B05D171CEC5}
		{207E538D-AAE7-407F-BE90-C52F6B079B7A} = {CA66A90B-F1FD-4F5F-9309-9451F3ED38F3}
		{75993231-E1D9-4DF2-A681-F6063E1B547C} = {CA66A90B-F1FD-4F5F-9309-9451F3ED38F3}
		{36BF1A25-BE6B-4382-BF5F-3C7814B452B3} = {2864F9B6-2D78-4E29-BA68-6B05D171CEC5}
		{7FE8453C-0BA7-456A-9512-01AF80D0F20B} = {2864F9B6-2D78-4E29-BA68-6B05D171CEC5}
		{C0702354-37B9-4110-9EFB-8449D5934BA7} = {2864F9B6-2D78-4E29-BA68-6B05D171CEC5}
		{44AFE06E-27CC-4A13-8058-77152E99D20E} = {9E537BB5-D225-4436-AD26-071540106297}
		{4A8E0FAD-49C9-42D9-8DB6-C95905445AF4} = {9E537BB5-D225-4436-AD26-071540106297}
		{9E537BB5-D225-4436-AD26-071540106297} = {2864F9B6-2D78-4E29-BA68-6B05D171CEC5}
		{9F9B7558-01B7-4317-B8FB-7DEA271D03A3} = {2864F9B6-2D78-4E29-BA68-6B05D171CEC5}
		{6117407F-876A-46E5-BA6C-AE661A1BBD21} = {2864F9B6-2D78-4E29-BA68-6B05D171CEC5}
		{F363A46B-C6B1-4235-AB8B-F6AD00750B37} = {2864F9B6-2D78-4E29-BA68-6B05D171CEC5}
	EndGlobalSection
	GlobalSection(ExtensibilityGlobals) = postSolution
		SolutionGuid = {4F12AF14-0E13-4659-9A57-20C8CD70E31D}
	EndGlobalSection
EndGlobal
